
Microsoft Visual Studio Solution File, Format Version 11.00
# Visual Studio 2010
# SharpDevelop 5.1
Project("{FAE04EC0-301F-11D3-BF4B-00C04F79EFBC}") = "Cvika16", "Cvika16\Cvika16.csproj", "{91FC2473-E99F-4B75-9333-E52B9FA34F97}"
EndProject
Global
	GlobalSection(SolutionConfigurationPlatforms) = preSolution
		Debug|Any CPU = Debug|Any CPU
		Release|Any CPU = Release|Any CPU
	EndGlobalSection
	GlobalSection(ProjectConfigurationPlatforms) = postSolution
		{91FC2473-E99F-4B75-9333-E52B9FA34F97}.Debug|Any CPU.ActiveCfg = Debug|Any CPU
		{91FC2473-E99F-4B75-9333-E52B9FA34F97}.Debug|Any CPU.Build.0 = Debug|Any CPU
		{91FC2473-E99F-4B75-9333-E52B9FA34F97}.Release|Any CPU.ActiveCfg = Release|Any CPU
		{91FC2473-E99F-4B75-9333-E52B9FA34F97}.Release|Any CPU.Build.0 = Release|Any CPU
	EndGlobalSection
EndGlobal
