
Microsoft Visual Studio Solution File, Format Version 11.00
# Visual Studio 2010
# SharpDevelop 5.1
Project("{FAE04EC0-301F-11D3-BF4B-00C04F79EFBC}") = "Cvika06", "Cvika06\Cvika06.csproj", "{88043527-33E8-467E-9CDF-597C54573C9A}"
EndProject
Global
	GlobalSection(SolutionConfigurationPlatforms) = preSolution
		Debug|Any CPU = Debug|Any CPU
		Release|Any CPU = Release|Any CPU
	EndGlobalSection
	GlobalSection(ProjectConfigurationPlatforms) = postSolution
		{88043527-33E8-467E-9CDF-597C54573C9A}.Debug|Any CPU.ActiveCfg = Debug|Any CPU
		{88043527-33E8-467E-9CDF-597C54573C9A}.Debug|Any CPU.Build.0 = Debug|Any CPU
		{88043527-33E8-467E-9CDF-597C54573C9A}.Release|Any CPU.ActiveCfg = Release|Any CPU
		{88043527-33E8-467E-9CDF-597C54573C9A}.Release|Any CPU.Build.0 = Release|Any CPU
	EndGlobalSection
EndGlobal
