
Microsoft Visual Studio Solution File, Format Version 11.00
# Visual Studio 2010
# SharpDevelop 5.1
Project("{FAE04EC0-301F-11D3-BF4B-00C04F79EFBC}") = "Cvika09", "Cvika09\Cvika09.csproj", "{A84E2702-3A50-4D66-A175-D286C7A17927}"
EndProject
Global
	GlobalSection(SolutionConfigurationPlatforms) = preSolution
		Debug|Any CPU = Debug|Any CPU
		Release|Any CPU = Release|Any CPU
	EndGlobalSection
	GlobalSection(ProjectConfigurationPlatforms) = postSolution
		{A84E2702-3A50-4D66-A175-D286C7A17927}.Debug|Any CPU.ActiveCfg = Debug|Any CPU
		{A84E2702-3A50-4D66-A175-D286C7A17927}.Debug|Any CPU.Build.0 = Debug|Any CPU
		{A84E2702-3A50-4D66-A175-D286C7A17927}.Release|Any CPU.ActiveCfg = Release|Any CPU
		{A84E2702-3A50-4D66-A175-D286C7A17927}.Release|Any CPU.Build.0 = Release|Any CPU
	EndGlobalSection
EndGlobal
